// !$*UTF8*$!
{
	archiveVersion = 1;
	classes = {
	};
	objectVersion = 46;
	objects = {

/* Begin PBXBuildFile section */
		1472A67F1EA9C038008FB751 /* main.m in Sources */ = {isa = PBXBuildFile; fileRef = 1472A67E1EA9C038008FB751 /* main.m */; };
		1472A6821EA9C038008FB751 /* AppDelegate.m in Sources */ = {isa = PBXBuildFile; fileRef = 1472A6811EA9C038008FB751 /* AppDelegate.m */; };
		1472A6851EA9C038008FB751 /* ViewController.m in Sources */ = {isa = PBXBuildFile; fileRef = 1472A6841EA9C038008FB751 /* ViewController.m */; };
		1472A6881EA9C038008FB751 /* Main.storyboard in Resources */ = {isa = PBXBuildFile; fileRef = 1472A6861EA9C038008FB751 /* Main.storyboard */; };
		1472A68A1EA9C038008FB751 /* Assets.xcassets in Resources */ = {isa = PBXBuildFile; fileRef = 1472A6891EA9C038008FB751 /* Assets.xcassets */; };
		1472A68D1EA9C038008FB751 /* LaunchScreen.storyboard in Resources */ = {isa = PBXBuildFile; fileRef = 1472A68B1EA9C038008FB751 /* LaunchScreen.storyboard */; };
		1472A6981EA9C038008FB751 /* ShareWXQQTests.m in Sources */ = {isa = PBXBuildFile; fileRef = 1472A6971EA9C038008FB751 /* ShareWXQQTests.m */; };
		1472A6A51EA9D079008FB751 /* SendMessageToWXReq+requestWithTextOrMediaMessage.m in Sources */ = {isa = PBXBuildFile; fileRef = 1472A6A41EA9D079008FB751 /* SendMessageToWXReq+requestWithTextOrMediaMessage.m */; };
		1472A6AC1EA9D53D008FB751 /* WXApiRequestHandler.m in Sources */ = {isa = PBXBuildFile; fileRef = 1472A6AB1EA9D53D008FB751 /* WXApiRequestHandler.m */; };
		1472A6AE1EA9DAC9008FB751 /* res5thumb.png in Resources */ = {isa = PBXBuildFile; fileRef = 1472A6AD1EA9DAC9008FB751 /* res5thumb.png */; };
		1472A6B51EA9E5C1008FB751 /* TencentOpenAPI.framework in Frameworks */ = {isa = PBXBuildFile; fileRef = 1472A6B31EA9E5C1008FB751 /* TencentOpenAPI.framework */; };
		1472A6B71EA9E608008FB751 /* Security.framework in Frameworks */ = {isa = PBXBuildFile; fileRef = 1472A6B61EA9E608008FB751 /* Security.framework */; };
		1472A6B91EA9E636008FB751 /* libiconv.2.4.0.tbd in Frameworks */ = {isa = PBXBuildFile; fileRef = 1472A6B81EA9E636008FB751 /* libiconv.2.4.0.tbd */; };
		1472A6BB1EA9E644008FB751 /* SystemConfiguration.framework in Frameworks */ = {isa = PBXBuildFile; fileRef = 1472A6BA1EA9E644008FB751 /* SystemConfiguration.framework */; };
		1472A6BD1EA9E66A008FB751 /* CoreGraphics.framework in Frameworks */ = {isa = PBXBuildFile; fileRef = 1472A6BC1EA9E66A008FB751 /* CoreGraphics.framework */; };
		1472A6BF1EA9E67A008FB751 /* libsqlite3.tbd in Frameworks */ = {isa = PBXBuildFile; fileRef = 1472A6BE1EA9E67A008FB751 /* libsqlite3.tbd */; };
		1472A6C11EA9E68D008FB751 /* CoreTelephony.framework in Frameworks */ = {isa = PBXBuildFile; fileRef = 1472A6C01EA9E68D008FB751 /* CoreTelephony.framework */; };
		1472A6C31EA9E6A1008FB751 /* libstdc++.6.0.9.tbd in Frameworks */ = {isa = PBXBuildFile; fileRef = 1472A6C21EA9E6A1008FB751 /* libstdc++.6.0.9.tbd */; };
		1472A6C51EA9E6B4008FB751 /* libz.1.2.8.tbd in Frameworks */ = {isa = PBXBuildFile; fileRef = 1472A6C41EA9E6B4008FB751 /* libz.1.2.8.tbd */; };
		1472A6C71EA9E71A008FB751 /* TencentOpenApi_IOS_Bundle.bundle in Resources */ = {isa = PBXBuildFile; fileRef = 1472A6C61EA9E71A008FB751 /* TencentOpenApi_IOS_Bundle.bundle */; };
		1472A6CA1EA9ED1F008FB751 /* QQApiRequestHandler.m in Sources */ = {isa = PBXBuildFile; fileRef = 1472A6C91EA9ED1F008FB751 /* QQApiRequestHandler.m */; };
		14E4E30C1EADA244006E2928 /* WXApiManager.m in Sources */ = {isa = PBXBuildFile; fileRef = 14E4E30B1EADA244006E2928 /* WXApiManager.m */; };
		14E4E30F1EADA361006E2928 /* UIAlertView+WX.m in Sources */ = {isa = PBXBuildFile; fileRef = 14E4E30E1EADA361006E2928 /* UIAlertView+WX.m */; };
		73710853666FF89CB2001B11 /* libPods-ShareSDKDemo.a in Frameworks */ = {isa = PBXBuildFile; fileRef = 313476798BFE37835996000C /* libPods-ShareSDKDemo.a */; };
		84DD9E621EAACE200067CD03 /* main.m in Sources */ = {isa = PBXBuildFile; fileRef = 84DD9E611EAACE200067CD03 /* main.m */; };
		84DD9E651EAACE200067CD03 /* AppDelegate.m in Sources */ = {isa = PBXBuildFile; fileRef = 84DD9E641EAACE200067CD03 /* AppDelegate.m */; };
		84DD9E681EAACE200067CD03 /* ViewController.m in Sources */ = {isa = PBXBuildFile; fileRef = 84DD9E671EAACE200067CD03 /* ViewController.m */; };
		84DD9E6B1EAACE200067CD03 /* Main.storyboard in Resources */ = {isa = PBXBuildFile; fileRef = 84DD9E691EAACE200067CD03 /* Main.storyboard */; };
		84DD9E6D1EAACE200067CD03 /* Assets.xcassets in Resources */ = {isa = PBXBuildFile; fileRef = 84DD9E6C1EAACE200067CD03 /* Assets.xcassets */; };
		84DD9E701EAACE200067CD03 /* LaunchScreen.storyboard in Resources */ = {isa = PBXBuildFile; fileRef = 84DD9E6E1EAACE200067CD03 /* LaunchScreen.storyboard */; };
		84DD9E7B1EAACE210067CD03 /* ShareSDKDemoTests.m in Sources */ = {isa = PBXBuildFile; fileRef = 84DD9E7A1EAACE210067CD03 /* ShareSDKDemoTests.m */; };
		84DD9E881EAB2DB90067CD03 /* MOBQQViewController.m in Sources */ = {isa = PBXBuildFile; fileRef = 84DD9E851EAB2DB90067CD03 /* MOBQQViewController.m */; };
		84DD9E891EAB2DB90067CD03 /* MOBWechatcontactsViewController.m in Sources */ = {isa = PBXBuildFile; fileRef = 84DD9E871EAB2DB90067CD03 /* MOBWechatcontactsViewController.m */; };
		84DD9E8C1EAB2E380067CD03 /* MOBPlatformViewController.m in Sources */ = {isa = PBXBuildFile; fileRef = 84DD9E8B1EAB2E380067CD03 /* MOBPlatformViewController.m */; };
		84DD9E991EAC23490067CD03 /* COD13.jpg in Resources */ = {isa = PBXBuildFile; fileRef = 84DD9E981EAC23490067CD03 /* COD13.jpg */; };
		84DD9E9B1EAC25770067CD03 /* cat.mp4 in Resources */ = {isa = PBXBuildFile; fileRef = 84DD9E9A1EAC25770067CD03 /* cat.mp4 */; };
		84DD9E9D1EAC2E3B0067CD03 /* Schemes.png in Resources */ = {isa = PBXBuildFile; fileRef = 84DD9E9C1EAC2E3B0067CD03 /* Schemes.png */; };
		996082F1D02E750EBCBE182F /* libPods-ShareWXQQ.a in Frameworks */ = {isa = PBXBuildFile; fileRef = 042F982C5A82FCBFCFE978BC /* libPods-ShareWXQQ.a */; };
		F82A49987C73DD3FB0D39670 /* libPods-ShareWXQQTests.a in Frameworks */ = {isa = PBXBuildFile; fileRef = DB3DBBDE5AC7E203B09AD5D5 /* libPods-ShareWXQQTests.a */; };
/* End PBXBuildFile section */

/* Begin PBXContainerItemProxy section */
		1472A6941EA9C038008FB751 /* PBXContainerItemProxy */ = {
			isa = PBXContainerItemProxy;
			containerPortal = 1472A6721EA9C038008FB751 /* Project object */;
			proxyType = 1;
			remoteGlobalIDString = 1472A6791EA9C038008FB751;
			remoteInfo = ShareWXQQ;
		};
		84DD9E771EAACE210067CD03 /* PBXContainerItemProxy */ = {
			isa = PBXContainerItemProxy;
			containerPortal = 1472A6721EA9C038008FB751 /* Project object */;
			proxyType = 1;
			remoteGlobalIDString = 84DD9E5D1EAACE1F0067CD03;
			remoteInfo = ShareSDKDemo;
		};
/* End PBXContainerItemProxy section */

/* Begin PBXFileReference section */
		042F982C5A82FCBFCFE978BC /* libPods-ShareWXQQ.a */ = {isa = PBXFileReference; explicitFileType = archive.ar; includeInIndex = 0; path = "libPods-ShareWXQQ.a"; sourceTree = BUILT_PRODUCTS_DIR; };
		1472A67A1EA9C038008FB751 /* ShareWXQQ.app */ = {isa = PBXFileReference; explicitFileType = wrapper.application; includeInIndex = 0; path = ShareWXQQ.app; sourceTree = BUILT_PRODUCTS_DIR; };
		1472A67E1EA9C038008FB751 /* main.m */ = {isa = PBXFileReference; lastKnownFileType = sourcecode.c.objc; path = main.m; sourceTree = "<group>"; };
		1472A6801EA9C038008FB751 /* AppDelegate.h */ = {isa = PBXFileReference; lastKnownFileType = sourcecode.c.h; path = AppDelegate.h; sourceTree = "<group>"; };
		1472A6811EA9C038008FB751 /* AppDelegate.m */ = {isa = PBXFileReference; lastKnownFileType = sourcecode.c.objc; path = AppDelegate.m; sourceTree = "<group>"; };
		1472A6831EA9C038008FB751 /* ViewController.h */ = {isa = PBXFileReference; lastKnownFileType = sourcecode.c.h; path = ViewController.h; sourceTree = "<group>"; };
		1472A6841EA9C038008FB751 /* ViewController.m */ = {isa = PBXFileReference; lastKnownFileType = sourcecode.c.objc; path = ViewController.m; sourceTree = "<group>"; };
		1472A6871EA9C038008FB751 /* Base */ = {isa = PBXFileReference; lastKnownFileType = file.storyboard; name = Base; path = Base.lproj/Main.storyboard; sourceTree = "<group>"; };
		1472A6891EA9C038008FB751 /* Assets.xcassets */ = {isa = PBXFileReference; lastKnownFileType = folder.assetcatalog; path = Assets.xcassets; sourceTree = "<group>"; };
		1472A68C1EA9C038008FB751 /* Base */ = {isa = PBXFileReference; lastKnownFileType = file.storyboard; name = Base; path = Base.lproj/LaunchScreen.storyboard; sourceTree = "<group>"; };
		1472A68E1EA9C038008FB751 /* Info.plist */ = {isa = PBXFileReference; lastKnownFileType = text.plist.xml; path = Info.plist; sourceTree = "<group>"; };
		1472A6931EA9C038008FB751 /* ShareWXQQTests.xctest */ = {isa = PBXFileReference; explicitFileType = wrapper.cfbundle; includeInIndex = 0; path = ShareWXQQTests.xctest; sourceTree = BUILT_PRODUCTS_DIR; };
		1472A6971EA9C038008FB751 /* ShareWXQQTests.m */ = {isa = PBXFileReference; lastKnownFileType = sourcecode.c.objc; path = ShareWXQQTests.m; sourceTree = "<group>"; };
		1472A6991EA9C038008FB751 /* Info.plist */ = {isa = PBXFileReference; lastKnownFileType = text.plist.xml; path = Info.plist; sourceTree = "<group>"; };
		1472A6A31EA9D079008FB751 /* SendMessageToWXReq+requestWithTextOrMediaMessage.h */ = {isa = PBXFileReference; fileEncoding = 4; lastKnownFileType = sourcecode.c.h; name = "SendMessageToWXReq+requestWithTextOrMediaMessage.h"; path = "Helper/SendMessageToWXReq+requestWithTextOrMediaMessage.h"; sourceTree = "<group>"; };
		1472A6A41EA9D079008FB751 /* SendMessageToWXReq+requestWithTextOrMediaMessage.m */ = {isa = PBXFileReference; fileEncoding = 4; lastKnownFileType = sourcecode.c.objc; name = "SendMessageToWXReq+requestWithTextOrMediaMessage.m"; path = "Helper/SendMessageToWXReq+requestWithTextOrMediaMessage.m"; sourceTree = "<group>"; };
		1472A6AA1EA9D53D008FB751 /* WXApiRequestHandler.h */ = {isa = PBXFileReference; fileEncoding = 4; lastKnownFileType = sourcecode.c.h; name = WXApiRequestHandler.h; path = Control/WXApiRequestHandler.h; sourceTree = "<group>"; };
		1472A6AB1EA9D53D008FB751 /* WXApiRequestHandler.m */ = {isa = PBXFileReference; fileEncoding = 4; lastKnownFileType = sourcecode.c.objc; name = WXApiRequestHandler.m; path = Control/WXApiRequestHandler.m; sourceTree = "<group>"; };
		1472A6AD1EA9DAC9008FB751 /* res5thumb.png */ = {isa = PBXFileReference; lastKnownFileType = image.png; name = res5thumb.png; path = Assets.xcassets/res.imageset/res5thumb.png; sourceTree = "<group>"; };
		1472A6B31EA9E5C1008FB751 /* TencentOpenAPI.framework */ = {isa = PBXFileReference; lastKnownFileType = wrapper.framework; name = TencentOpenAPI.framework; path = ShareWXQQ/SDK/QQV3.2/TencentOpenAPI.framework; sourceTree = "<group>"; };
		1472A6B61EA9E608008FB751 /* Security.framework */ = {isa = PBXFileReference; lastKnownFileType = wrapper.framework; name = Security.framework; path = System/Library/Frameworks/Security.framework; sourceTree = SDKROOT; };
		1472A6B81EA9E636008FB751 /* libiconv.2.4.0.tbd */ = {isa = PBXFileReference; lastKnownFileType = "sourcecode.text-based-dylib-definition"; name = libiconv.2.4.0.tbd; path = usr/lib/libiconv.2.4.0.tbd; sourceTree = SDKROOT; };
		1472A6BA1EA9E644008FB751 /* SystemConfiguration.framework */ = {isa = PBXFileReference; lastKnownFileType = wrapper.framework; name = SystemConfiguration.framework; path = System/Library/Frameworks/SystemConfiguration.framework; sourceTree = SDKROOT; };
		1472A6BC1EA9E66A008FB751 /* CoreGraphics.framework */ = {isa = PBXFileReference; lastKnownFileType = wrapper.framework; name = CoreGraphics.framework; path = System/Library/Frameworks/CoreGraphics.framework; sourceTree = SDKROOT; };
		1472A6BE1EA9E67A008FB751 /* libsqlite3.tbd */ = {isa = PBXFileReference; lastKnownFileType = "sourcecode.text-based-dylib-definition"; name = libsqlite3.tbd; path = usr/lib/libsqlite3.tbd; sourceTree = SDKROOT; };
		1472A6C01EA9E68D008FB751 /* CoreTelephony.framework */ = {isa = PBXFileReference; lastKnownFileType = wrapper.framework; name = CoreTelephony.framework; path = System/Library/Frameworks/CoreTelephony.framework; sourceTree = SDKROOT; };
		1472A6C21EA9E6A1008FB751 /* libstdc++.6.0.9.tbd */ = {isa = PBXFileReference; lastKnownFileType = "sourcecode.text-based-dylib-definition"; name = "libstdc++.6.0.9.tbd"; path = "usr/lib/libstdc++.6.0.9.tbd"; sourceTree = SDKROOT; };
		1472A6C41EA9E6B4008FB751 /* libz.1.2.8.tbd */ = {isa = PBXFileReference; lastKnownFileType = "sourcecode.text-based-dylib-definition"; name = libz.1.2.8.tbd; path = usr/lib/libz.1.2.8.tbd; sourceTree = SDKROOT; };
		1472A6C61EA9E71A008FB751 /* TencentOpenApi_IOS_Bundle.bundle */ = {isa = PBXFileReference; lastKnownFileType = "wrapper.plug-in"; name = TencentOpenApi_IOS_Bundle.bundle; path = ShareWXQQ/SDK/QQV3.2/TencentOpenApi_IOS_Bundle.bundle; sourceTree = "<group>"; };
		1472A6C81EA9ED1F008FB751 /* QQApiRequestHandler.h */ = {isa = PBXFileReference; fileEncoding = 4; lastKnownFileType = sourcecode.c.h; name = QQApiRequestHandler.h; path = Control/QQApiRequestHandler.h; sourceTree = "<group>"; };
		1472A6C91EA9ED1F008FB751 /* QQApiRequestHandler.m */ = {isa = PBXFileReference; fileEncoding = 4; lastKnownFileType = sourcecode.c.objc; name = QQApiRequestHandler.m; path = Control/QQApiRequestHandler.m; sourceTree = "<group>"; };
		14E4E30A1EADA244006E2928 /* WXApiManager.h */ = {isa = PBXFileReference; fileEncoding = 4; lastKnownFileType = sourcecode.c.h; path = WXApiManager.h; sourceTree = "<group>"; };
		14E4E30B1EADA244006E2928 /* WXApiManager.m */ = {isa = PBXFileReference; fileEncoding = 4; lastKnownFileType = sourcecode.c.objc; path = WXApiManager.m; sourceTree = "<group>"; };
		14E4E30D1EADA361006E2928 /* UIAlertView+WX.h */ = {isa = PBXFileReference; fileEncoding = 4; lastKnownFileType = sourcecode.c.h; path = "UIAlertView+WX.h"; sourceTree = "<group>"; };
		14E4E30E1EADA361006E2928 /* UIAlertView+WX.m */ = {isa = PBXFileReference; fileEncoding = 4; lastKnownFileType = sourcecode.c.objc; path = "UIAlertView+WX.m"; sourceTree = "<group>"; };
		313476798BFE37835996000C /* libPods-ShareSDKDemo.a */ = {isa = PBXFileReference; explicitFileType = archive.ar; includeInIndex = 0; path = "libPods-ShareSDKDemo.a"; sourceTree = BUILT_PRODUCTS_DIR; };
		68E467DC0B4850CA604D86A1 /* Pods-ShareWXQQ.release.xcconfig */ = {isa = PBXFileReference; includeInIndex = 1; lastKnownFileType = text.xcconfig; name = "Pods-ShareWXQQ.release.xcconfig"; path = "Pods/Target Support Files/Pods-ShareWXQQ/Pods-ShareWXQQ.release.xcconfig"; sourceTree = "<group>"; };
		84DD9E5E1EAACE1F0067CD03 /* ShareSDKDemo.app */ = {isa = PBXFileReference; explicitFileType = wrapper.application; includeInIndex = 0; path = ShareSDKDemo.app; sourceTree = BUILT_PRODUCTS_DIR; };
		84DD9E611EAACE200067CD03 /* main.m */ = {isa = PBXFileReference; lastKnownFileType = sourcecode.c.objc; path = main.m; sourceTree = "<group>"; };
		84DD9E631EAACE200067CD03 /* AppDelegate.h */ = {isa = PBXFileReference; lastKnownFileType = sourcecode.c.h; path = AppDelegate.h; sourceTree = "<group>"; };
		84DD9E641EAACE200067CD03 /* AppDelegate.m */ = {isa = PBXFileReference; lastKnownFileType = sourcecode.c.objc; path = AppDelegate.m; sourceTree = "<group>"; };
		84DD9E661EAACE200067CD03 /* ViewController.h */ = {isa = PBXFileReference; lastKnownFileType = sourcecode.c.h; path = ViewController.h; sourceTree = "<group>"; };
		84DD9E671EAACE200067CD03 /* ViewController.m */ = {isa = PBXFileReference; lastKnownFileType = sourcecode.c.objc; path = ViewController.m; sourceTree = "<group>"; };
		84DD9E6A1EAACE200067CD03 /* Base */ = {isa = PBXFileReference; lastKnownFileType = file.storyboard; name = Base; path = Base.lproj/Main.storyboard; sourceTree = "<group>"; };
		84DD9E6C1EAACE200067CD03 /* Assets.xcassets */ = {isa = PBXFileReference; lastKnownFileType = folder.assetcatalog; path = Assets.xcassets; sourceTree = "<group>"; };
		84DD9E6F1EAACE200067CD03 /* Base */ = {isa = PBXFileReference; lastKnownFileType = file.storyboard; name = Base; path = Base.lproj/LaunchScreen.storyboard; sourceTree = "<group>"; };
		84DD9E711EAACE200067CD03 /* Info.plist */ = {isa = PBXFileReference; lastKnownFileType = text.plist.xml; path = Info.plist; sourceTree = "<group>"; };
		84DD9E761EAACE200067CD03 /* ShareSDKDemoTests.xctest */ = {isa = PBXFileReference; explicitFileType = wrapper.cfbundle; includeInIndex = 0; path = ShareSDKDemoTests.xctest; sourceTree = BUILT_PRODUCTS_DIR; };
		84DD9E7A1EAACE210067CD03 /* ShareSDKDemoTests.m */ = {isa = PBXFileReference; lastKnownFileType = sourcecode.c.objc; path = ShareSDKDemoTests.m; sourceTree = "<group>"; };
		84DD9E7C1EAACE210067CD03 /* Info.plist */ = {isa = PBXFileReference; lastKnownFileType = text.plist.xml; path = Info.plist; sourceTree = "<group>"; };
		84DD9E831EAAE71A0067CD03 /* README.md */ = {isa = PBXFileReference; lastKnownFileType = net.daringfireball.markdown; path = README.md; sourceTree = "<group>"; };
		84DD9E841EAB2DB90067CD03 /* MOBQQViewController.h */ = {isa = PBXFileReference; fileEncoding = 4; lastKnownFileType = sourcecode.c.h; path = MOBQQViewController.h; sourceTree = "<group>"; };
		84DD9E851EAB2DB90067CD03 /* MOBQQViewController.m */ = {isa = PBXFileReference; fileEncoding = 4; lastKnownFileType = sourcecode.c.objc; path = MOBQQViewController.m; sourceTree = "<group>"; };
		84DD9E861EAB2DB90067CD03 /* MOBWechatcontactsViewController.h */ = {isa = PBXFileReference; fileEncoding = 4; lastKnownFileType = sourcecode.c.h; path = MOBWechatcontactsViewController.h; sourceTree = "<group>"; };
		84DD9E871EAB2DB90067CD03 /* MOBWechatcontactsViewController.m */ = {isa = PBXFileReference; fileEncoding = 4; lastKnownFileType = sourcecode.c.objc; path = MOBWechatcontactsViewController.m; sourceTree = "<group>"; };
		84DD9E8A1EAB2E380067CD03 /* MOBPlatformViewController.h */ = {isa = PBXFileReference; fileEncoding = 4; lastKnownFileType = sourcecode.c.h; path = MOBPlatformViewController.h; sourceTree = "<group>"; };
		84DD9E8B1EAB2E380067CD03 /* MOBPlatformViewController.m */ = {isa = PBXFileReference; fileEncoding = 4; lastKnownFileType = sourcecode.c.objc; path = MOBPlatformViewController.m; sourceTree = "<group>"; };
		84DD9E8D1EAB9B0E0067CD03 /* libsqlite3.0.tbd */ = {isa = PBXFileReference; lastKnownFileType = "sourcecode.text-based-dylib-definition"; name = libsqlite3.0.tbd; path = usr/lib/libsqlite3.0.tbd; sourceTree = SDKROOT; };
		84DD9E8F1EAB9B380067CD03 /* libicucore.tbd */ = {isa = PBXFileReference; lastKnownFileType = "sourcecode.text-based-dylib-definition"; name = libicucore.tbd; path = usr/lib/libicucore.tbd; sourceTree = SDKROOT; };
		84DD9E931EAB9B640067CD03 /* JavaScriptCore.framework */ = {isa = PBXFileReference; lastKnownFileType = wrapper.framework; name = JavaScriptCore.framework; path = System/Library/Frameworks/JavaScriptCore.framework; sourceTree = SDKROOT; };
		84DD9E951EABA47E0067CD03 /* libc++abi.tbd */ = {isa = PBXFileReference; lastKnownFileType = "sourcecode.text-based-dylib-definition"; name = "libc++abi.tbd"; path = "usr/lib/libc++abi.tbd"; sourceTree = SDKROOT; };
		84DD9E981EAC23490067CD03 /* COD13.jpg */ = {isa = PBXFileReference; lastKnownFileType = image.jpeg; path = COD13.jpg; sourceTree = "<group>"; };
		84DD9E9A1EAC25770067CD03 /* cat.mp4 */ = {isa = PBXFileReference; lastKnownFileType = file; path = cat.mp4; sourceTree = "<group>"; };
		84DD9E9C1EAC2E3B0067CD03 /* Schemes.png */ = {isa = PBXFileReference; lastKnownFileType = image.png; path = Schemes.png; sourceTree = "<group>"; };
		A2340485C0BEDD75217925CC /* Pods-ShareWXQQTests.release.xcconfig */ = {isa = PBXFileReference; includeInIndex = 1; lastKnownFileType = text.xcconfig; name = "Pods-ShareWXQQTests.release.xcconfig"; path = "Pods/Target Support Files/Pods-ShareWXQQTests/Pods-ShareWXQQTests.release.xcconfig"; sourceTree = "<group>"; };
		A2A8E3404AFC6CC151020207 /* Pods-ShareSDKDemo.release.xcconfig */ = {isa = PBXFileReference; includeInIndex = 1; lastKnownFileType = text.xcconfig; name = "Pods-ShareSDKDemo.release.xcconfig"; path = "Pods/Target Support Files/Pods-ShareSDKDemo/Pods-ShareSDKDemo.release.xcconfig"; sourceTree = "<group>"; };
		BE2CA9C4C8B9BEB0DED50DDD /* Pods-ShareWXQQ.debug.xcconfig */ = {isa = PBXFileReference; includeInIndex = 1; lastKnownFileType = text.xcconfig; name = "Pods-ShareWXQQ.debug.xcconfig"; path = "Pods/Target Support Files/Pods-ShareWXQQ/Pods-ShareWXQQ.debug.xcconfig"; sourceTree = "<group>"; };
		DB3DBBDE5AC7E203B09AD5D5 /* libPods-ShareWXQQTests.a */ = {isa = PBXFileReference; explicitFileType = archive.ar; includeInIndex = 0; path = "libPods-ShareWXQQTests.a"; sourceTree = BUILT_PRODUCTS_DIR; };
		DE84004D0D2D8F26BDC2D95C /* Pods-ShareSDKDemo.debug.xcconfig */ = {isa = PBXFileReference; includeInIndex = 1; lastKnownFileType = text.xcconfig; name = "Pods-ShareSDKDemo.debug.xcconfig"; path = "Pods/Target Support Files/Pods-ShareSDKDemo/Pods-ShareSDKDemo.debug.xcconfig"; sourceTree = "<group>"; };
		ED4EDCA4930CB460E8977555 /* Pods-ShareWXQQTests.debug.xcconfig */ = {isa = PBXFileReference; includeInIndex = 1; lastKnownFileType = text.xcconfig; name = "Pods-ShareWXQQTests.debug.xcconfig"; path = "Pods/Target Support Files/Pods-ShareWXQQTests/Pods-ShareWXQQTests.debug.xcconfig"; sourceTree = "<group>"; };
/* End PBXFileReference section */

/* Begin PBXFrameworksBuildPhase section */
		1472A6771EA9C038008FB751 /* Frameworks */ = {
			isa = PBXFrameworksBuildPhase;
			buildActionMask = 2147483647;
			files = (
				1472A6C51EA9E6B4008FB751 /* libz.1.2.8.tbd in Frameworks */,
				1472A6C31EA9E6A1008FB751 /* libstdc++.6.0.9.tbd in Frameworks */,
				1472A6C11EA9E68D008FB751 /* CoreTelephony.framework in Frameworks */,
				1472A6BF1EA9E67A008FB751 /* libsqlite3.tbd in Frameworks */,
				1472A6BD1EA9E66A008FB751 /* CoreGraphics.framework in Frameworks */,
				1472A6BB1EA9E644008FB751 /* SystemConfiguration.framework in Frameworks */,
				1472A6B91EA9E636008FB751 /* libiconv.2.4.0.tbd in Frameworks */,
				1472A6B71EA9E608008FB751 /* Security.framework in Frameworks */,
				996082F1D02E750EBCBE182F /* libPods-ShareWXQQ.a in Frameworks */,
				1472A6B51EA9E5C1008FB751 /* TencentOpenAPI.framework in Frameworks */,
			);
			runOnlyForDeploymentPostprocessing = 0;
		};
		1472A6901EA9C038008FB751 /* Frameworks */ = {
			isa = PBXFrameworksBuildPhase;
			buildActionMask = 2147483647;
			files = (
				F82A49987C73DD3FB0D39670 /* libPods-ShareWXQQTests.a in Frameworks */,
			);
			runOnlyForDeploymentPostprocessing = 0;
		};
		84DD9E5B1EAACE1F0067CD03 /* Frameworks */ = {
			isa = PBXFrameworksBuildPhase;
			buildActionMask = 2147483647;
			files = (
				73710853666FF89CB2001B11 /* libPods-ShareSDKDemo.a in Frameworks */,
			);
			runOnlyForDeploymentPostprocessing = 0;
		};
		84DD9E731EAACE200067CD03 /* Frameworks */ = {
			isa = PBXFrameworksBuildPhase;
			buildActionMask = 2147483647;
			files = (
			);
			runOnlyForDeploymentPostprocessing = 0;
		};
/* End PBXFrameworksBuildPhase section */

/* Begin PBXGroup section */
		0C99498FAF76F8A01FB907EC /* Pods */ = {
			isa = PBXGroup;
			children = (
				BE2CA9C4C8B9BEB0DED50DDD /* Pods-ShareWXQQ.debug.xcconfig */,
				68E467DC0B4850CA604D86A1 /* Pods-ShareWXQQ.release.xcconfig */,
				ED4EDCA4930CB460E8977555 /* Pods-ShareWXQQTests.debug.xcconfig */,
				A2340485C0BEDD75217925CC /* Pods-ShareWXQQTests.release.xcconfig */,
				DE84004D0D2D8F26BDC2D95C /* Pods-ShareSDKDemo.debug.xcconfig */,
				A2A8E3404AFC6CC151020207 /* Pods-ShareSDKDemo.release.xcconfig */,
			);
			name = Pods;
			sourceTree = "<group>";
		};
		1472A6711EA9C038008FB751 = {
			isa = PBXGroup;
			children = (
				84DD9E831EAAE71A0067CD03 /* README.md */,
				1472A67C1EA9C038008FB751 /* ShareWXQQ */,
				1472A6961EA9C038008FB751 /* ShareWXQQTests */,
				84DD9E5F1EAACE200067CD03 /* ShareSDKDemo */,
				84DD9E791EAACE210067CD03 /* ShareSDKDemoTests */,
				1472A67B1EA9C038008FB751 /* Products */,
				0C99498FAF76F8A01FB907EC /* Pods */,
				C6A3609AA77832CC4F6D4EF4 /* Frameworks */,
			);
			sourceTree = "<group>";
		};
		1472A67B1EA9C038008FB751 /* Products */ = {
			isa = PBXGroup;
			children = (
				1472A67A1EA9C038008FB751 /* ShareWXQQ.app */,
				1472A6931EA9C038008FB751 /* ShareWXQQTests.xctest */,
				84DD9E5E1EAACE1F0067CD03 /* ShareSDKDemo.app */,
				84DD9E761EAACE200067CD03 /* ShareSDKDemoTests.xctest */,
			);
			name = Products;
			sourceTree = "<group>";
		};
		1472A67C1EA9C038008FB751 /* ShareWXQQ */ = {
			isa = PBXGroup;
			children = (
				1472A6A61EA9D291008FB751 /* Control */,
				1472A6A21EA9D01F008FB751 /* Helper */,
				1472A6801EA9C038008FB751 /* AppDelegate.h */,
				1472A6811EA9C038008FB751 /* AppDelegate.m */,
				1472A6831EA9C038008FB751 /* ViewController.h */,
				1472A6841EA9C038008FB751 /* ViewController.m */,
				1472A6861EA9C038008FB751 /* Main.storyboard */,
				1472A6891EA9C038008FB751 /* Assets.xcassets */,
				1472A68B1EA9C038008FB751 /* LaunchScreen.storyboard */,
				1472A68E1EA9C038008FB751 /* Info.plist */,
				1472A67D1EA9C038008FB751 /* Supporting Files */,
			);
			path = ShareWXQQ;
			sourceTree = "<group>";
		};
		1472A67D1EA9C038008FB751 /* Supporting Files */ = {
			isa = PBXGroup;
			children = (
				1472A67E1EA9C038008FB751 /* main.m */,
				1472A6AD1EA9DAC9008FB751 /* res5thumb.png */,
				84DD9E9C1EAC2E3B0067CD03 /* Schemes.png */,
			);
			name = "Supporting Files";
			sourceTree = "<group>";
		};
		1472A6961EA9C038008FB751 /* ShareWXQQTests */ = {
			isa = PBXGroup;
			children = (
				1472A6971EA9C038008FB751 /* ShareWXQQTests.m */,
				1472A6991EA9C038008FB751 /* Info.plist */,
			);
			path = ShareWXQQTests;
			sourceTree = "<group>";
		};
		1472A6A21EA9D01F008FB751 /* Helper */ = {
			isa = PBXGroup;
			children = (
				14E4E30D1EADA361006E2928 /* UIAlertView+WX.h */,
				14E4E30E1EADA361006E2928 /* UIAlertView+WX.m */,
				1472A6A31EA9D079008FB751 /* SendMessageToWXReq+requestWithTextOrMediaMessage.h */,
				1472A6A41EA9D079008FB751 /* SendMessageToWXReq+requestWithTextOrMediaMessage.m */,
			);
			name = Helper;
			sourceTree = "<group>";
		};
		1472A6A61EA9D291008FB751 /* Control */ = {
			isa = PBXGroup;
			children = (
				1472A6AA1EA9D53D008FB751 /* WXApiRequestHandler.h */,
				1472A6AB1EA9D53D008FB751 /* WXApiRequestHandler.m */,
				1472A6C81EA9ED1F008FB751 /* QQApiRequestHandler.h */,
				1472A6C91EA9ED1F008FB751 /* QQApiRequestHandler.m */,
				14E4E30A1EADA244006E2928 /* WXApiManager.h */,
				14E4E30B1EADA244006E2928 /* WXApiManager.m */,
			);
			name = Control;
			sourceTree = "<group>";
		};
		84DD9E5F1EAACE200067CD03 /* ShareSDKDemo */ = {
			isa = PBXGroup;
			children = (
				84DD9E631EAACE200067CD03 /* AppDelegate.h */,
				84DD9E641EAACE200067CD03 /* AppDelegate.m */,
				84DD9E661EAACE200067CD03 /* ViewController.h */,
				84DD9E671EAACE200067CD03 /* ViewController.m */,
				84DD9E8A1EAB2E380067CD03 /* MOBPlatformViewController.h */,
				84DD9E8B1EAB2E380067CD03 /* MOBPlatformViewController.m */,
				84DD9E841EAB2DB90067CD03 /* MOBQQViewController.h */,
				84DD9E851EAB2DB90067CD03 /* MOBQQViewController.m */,
				84DD9E861EAB2DB90067CD03 /* MOBWechatcontactsViewController.h */,
				84DD9E871EAB2DB90067CD03 /* MOBWechatcontactsViewController.m */,
				84DD9E691EAACE200067CD03 /* Main.storyboard */,
				84DD9E6C1EAACE200067CD03 /* Assets.xcassets */,
				84DD9E6E1EAACE200067CD03 /* LaunchScreen.storyboard */,
				84DD9E711EAACE200067CD03 /* Info.plist */,
				84DD9E601EAACE200067CD03 /* Supporting Files */,
			);
			path = ShareSDKDemo;
			sourceTree = "<group>";
		};
		84DD9E601EAACE200067CD03 /* Supporting Files */ = {
			isa = PBXGroup;
			children = (
				84DD9E611EAACE200067CD03 /* main.m */,
				84DD9E981EAC23490067CD03 /* COD13.jpg */,
				84DD9E9A1EAC25770067CD03 /* cat.mp4 */,
			);
			name = "Supporting Files";
			sourceTree = "<group>";
		};
		84DD9E791EAACE210067CD03 /* ShareSDKDemoTests */ = {
			isa = PBXGroup;
			children = (
				84DD9E7A1EAACE210067CD03 /* ShareSDKDemoTests.m */,
				84DD9E7C1EAACE210067CD03 /* Info.plist */,
			);
			path = ShareSDKDemoTests;
			sourceTree = "<group>";
		};
		C6A3609AA77832CC4F6D4EF4 /* Frameworks */ = {
			isa = PBXGroup;
			children = (
				84DD9E951EABA47E0067CD03 /* libc++abi.tbd */,
				84DD9E931EAB9B640067CD03 /* JavaScriptCore.framework */,
				84DD9E8F1EAB9B380067CD03 /* libicucore.tbd */,
				84DD9E8D1EAB9B0E0067CD03 /* libsqlite3.0.tbd */,
				1472A6C61EA9E71A008FB751 /* TencentOpenApi_IOS_Bundle.bundle */,
				1472A6C41EA9E6B4008FB751 /* libz.1.2.8.tbd */,
				1472A6C21EA9E6A1008FB751 /* libstdc++.6.0.9.tbd */,
				1472A6C01EA9E68D008FB751 /* CoreTelephony.framework */,
				1472A6BE1EA9E67A008FB751 /* libsqlite3.tbd */,
				1472A6BC1EA9E66A008FB751 /* CoreGraphics.framework */,
				1472A6BA1EA9E644008FB751 /* SystemConfiguration.framework */,
				1472A6B81EA9E636008FB751 /* libiconv.2.4.0.tbd */,
				1472A6B61EA9E608008FB751 /* Security.framework */,
				1472A6B31EA9E5C1008FB751 /* TencentOpenAPI.framework */,
				042F982C5A82FCBFCFE978BC /* libPods-ShareWXQQ.a */,
				DB3DBBDE5AC7E203B09AD5D5 /* libPods-ShareWXQQTests.a */,
				313476798BFE37835996000C /* libPods-ShareSDKDemo.a */,
			);
			name = Frameworks;
			sourceTree = "<group>";
		};
/* End PBXGroup section */

/* Begin PBXNativeTarget section */
		1472A6791EA9C038008FB751 /* ShareWXQQ */ = {
			isa = PBXNativeTarget;
			buildConfigurationList = 1472A69C1EA9C038008FB751 /* Build configuration list for PBXNativeTarget "ShareWXQQ" */;
			buildPhases = (
				DCF7E54D7EC9E114302E0AF1 /* [CP] Check Pods Manifest.lock */,
				1472A6761EA9C038008FB751 /* Sources */,
				1472A6771EA9C038008FB751 /* Frameworks */,
				1472A6781EA9C038008FB751 /* Resources */,
				62FBFB2F677B0C1FE1569C58 /* [CP] Embed Pods Frameworks */,
				7CF392F295489DC9EC7E1C1C /* [CP] Copy Pods Resources */,
			);
			buildRules = (
			);
			dependencies = (
			);
			name = ShareWXQQ;
			productName = ShareWXQQ;
			productReference = 1472A67A1EA9C038008FB751 /* ShareWXQQ.app */;
			productType = "com.apple.product-type.application";
		};
		1472A6921EA9C038008FB751 /* ShareWXQQTests */ = {
			isa = PBXNativeTarget;
			buildConfigurationList = 1472A69F1EA9C038008FB751 /* Build configuration list for PBXNativeTarget "ShareWXQQTests" */;
			buildPhases = (
				8EC61686B5BA267AC76DC58A /* [CP] Check Pods Manifest.lock */,
				1472A68F1EA9C038008FB751 /* Sources */,
				1472A6901EA9C038008FB751 /* Frameworks */,
				1472A6911EA9C038008FB751 /* Resources */,
				55F83FB15E83444D2BAE9A91 /* [CP] Embed Pods Frameworks */,
				D7CB80D34196AF348A0BB8A6 /* [CP] Copy Pods Resources */,
			);
			buildRules = (
			);
			dependencies = (
				1472A6951EA9C038008FB751 /* PBXTargetDependency */,
			);
			name = ShareWXQQTests;
			productName = ShareWXQQTests;
			productReference = 1472A6931EA9C038008FB751 /* ShareWXQQTests.xctest */;
			productType = "com.apple.product-type.bundle.unit-test";
		};
		84DD9E5D1EAACE1F0067CD03 /* ShareSDKDemo */ = {
			isa = PBXNativeTarget;
			buildConfigurationList = 84DD9E7D1EAACE210067CD03 /* Build configuration list for PBXNativeTarget "ShareSDKDemo" */;
			buildPhases = (
				0C827BF91AC629EDBB67A819 /* [CP] Check Pods Manifest.lock */,
				84DD9E5A1EAACE1F0067CD03 /* Sources */,
				84DD9E5B1EAACE1F0067CD03 /* Frameworks */,
				84DD9E5C1EAACE1F0067CD03 /* Resources */,
				58EF25B88E88CB371A3EE661 /* [CP] Embed Pods Frameworks */,
				3D2128D0069A902202CFE9CF /* [CP] Copy Pods Resources */,
			);
			buildRules = (
			);
			dependencies = (
			);
			name = ShareSDKDemo;
			productName = ShareSDKDemo;
			productReference = 84DD9E5E1EAACE1F0067CD03 /* ShareSDKDemo.app */;
			productType = "com.apple.product-type.application";
		};
		84DD9E751EAACE200067CD03 /* ShareSDKDemoTests */ = {
			isa = PBXNativeTarget;
			buildConfigurationList = 84DD9E801EAACE210067CD03 /* Build configuration list for PBXNativeTarget "ShareSDKDemoTests" */;
			buildPhases = (
				84DD9E721EAACE200067CD03 /* Sources */,
				84DD9E731EAACE200067CD03 /* Frameworks */,
				84DD9E741EAACE200067CD03 /* Resources */,
			);
			buildRules = (
			);
			dependencies = (
				84DD9E781EAACE210067CD03 /* PBXTargetDependency */,
			);
			name = ShareSDKDemoTests;
			productName = ShareSDKDemoTests;
			productReference = 84DD9E761EAACE200067CD03 /* ShareSDKDemoTests.xctest */;
			productType = "com.apple.product-type.bundle.unit-test";
		};
/* End PBXNativeTarget section */

/* Begin PBXProject section */
		1472A6721EA9C038008FB751 /* Project object */ = {
			isa = PBXProject;
			attributes = {
				LastUpgradeCheck = 0820;
				ORGANIZATIONNAME = PBBReader;
				TargetAttributes = {
					1472A6791EA9C038008FB751 = {
						CreatedOnToolsVersion = 8.2.1;
						DevelopmentTeam = 2C4H9T5RF5;
						ProvisioningStyle = Automatic;
					};
					1472A6921EA9C038008FB751 = {
						CreatedOnToolsVersion = 8.2.1;
						DevelopmentTeam = FA78T6VRG8;
						ProvisioningStyle = Automatic;
						TestTargetID = 1472A6791EA9C038008FB751;
					};
					84DD9E5D1EAACE1F0067CD03 = {
						CreatedOnToolsVersion = 8.3.1;
						DevelopmentTeam = 2C4H9T5RF5;
						ProvisioningStyle = Automatic;
					};
					84DD9E751EAACE200067CD03 = {
						CreatedOnToolsVersion = 8.3.1;
						ProvisioningStyle = Automatic;
						TestTargetID = 84DD9E5D1EAACE1F0067CD03;
					};
				};
			};
			buildConfigurationList = 1472A6751EA9C038008FB751 /* Build configuration list for PBXProject "ShareWXQQ" */;
			compatibilityVersion = "Xcode 3.2";
			developmentRegion = English;
			hasScannedForEncodings = 0;
			knownRegions = (
				en,
				Base,
			);
			mainGroup = 1472A6711EA9C038008FB751;
			productRefGroup = 1472A67B1EA9C038008FB751 /* Products */;
			projectDirPath = "";
			projectRoot = "";
			targets = (
				1472A6791EA9C038008FB751 /* ShareWXQQ */,
				1472A6921EA9C038008FB751 /* ShareWXQQTests */,
				84DD9E5D1EAACE1F0067CD03 /* ShareSDKDemo */,
				84DD9E751EAACE200067CD03 /* ShareSDKDemoTests */,
			);
		};
/* End PBXProject section */

/* Begin PBXResourcesBuildPhase section */
		1472A6781EA9C038008FB751 /* Resources */ = {
			isa = PBXResourcesBuildPhase;
			buildActionMask = 2147483647;
			files = (
				1472A6C71EA9E71A008FB751 /* TencentOpenApi_IOS_Bundle.bundle in Resources */,
				1472A68D1EA9C038008FB751 /* LaunchScreen.storyboard in Resources */,
				1472A68A1EA9C038008FB751 /* Assets.xcassets in Resources */,
				1472A6881EA9C038008FB751 /* Main.storyboard in Resources */,
				84DD9E9D1EAC2E3B0067CD03 /* Schemes.png in Resources */,
				1472A6AE1EA9DAC9008FB751 /* res5thumb.png in Resources */,
			);
			runOnlyForDeploymentPostprocessing = 0;
		};
		1472A6911EA9C038008FB751 /* Resources */ = {
			isa = PBXResourcesBuildPhase;
			buildActionMask = 2147483647;
			files = (
			);
			runOnlyForDeploymentPostprocessing = 0;
		};
		84DD9E5C1EAACE1F0067CD03 /* Resources */ = {
			isa = PBXResourcesBuildPhase;
			buildActionMask = 2147483647;
			files = (
				84DD9E701EAACE200067CD03 /* LaunchScreen.storyboard in Resources */,
				84DD9E6D1EAACE200067CD03 /* Assets.xcassets in Resources */,
				84DD9E991EAC23490067CD03 /* COD13.jpg in Resources */,
				84DD9E6B1EAACE200067CD03 /* Main.storyboard in Resources */,
				84DD9E9B1EAC25770067CD03 /* cat.mp4 in Resources */,
			);
			runOnlyForDeploymentPostprocessing = 0;
		};
		84DD9E741EAACE200067CD03 /* Resources */ = {
			isa = PBXResourcesBuildPhase;
			buildActionMask = 2147483647;
			files = (
			);
			runOnlyForDeploymentPostprocessing = 0;
		};
/* End PBXResourcesBuildPhase section */

/* Begin PBXShellScriptBuildPhase section */
		0C827BF91AC629EDBB67A819 /* [CP] Check Pods Manifest.lock */ = {
			isa = PBXShellScriptBuildPhase;
			buildActionMask = 2147483647;
			files = (
			);
			inputPaths = (
			);
			name = "[CP] Check Pods Manifest.lock";
			outputPaths = (
			);
			runOnlyForDeploymentPostprocessing = 0;
			shellPath = /bin/sh;
			shellScript = "diff \"${PODS_ROOT}/../Podfile.lock\" \"${PODS_ROOT}/Manifest.lock\" > /dev/null\nif [ $? != 0 ] ; then\n    # print error to STDERR\n    echo \"error: The sandbox is not in sync with the Podfile.lock. Run 'pod install' or update your CocoaPods installation.\" >&2\n    exit 1\nfi\n";
			showEnvVarsInLog = 0;
		};
		3D2128D0069A902202CFE9CF /* [CP] Copy Pods Resources */ = {
			isa = PBXShellScriptBuildPhase;
			buildActionMask = 2147483647;
			files = (
			);
			inputPaths = (
			);
			name = "[CP] Copy Pods Resources";
			outputPaths = (
			);
			runOnlyForDeploymentPostprocessing = 0;
			shellPath = /bin/sh;
			shellScript = "\"${SRCROOT}/Pods/Target Support Files/Pods-ShareSDKDemo/Pods-ShareSDKDemo-resources.sh\"\n";
			showEnvVarsInLog = 0;
		};
		55F83FB15E83444D2BAE9A91 /* [CP] Embed Pods Frameworks */ = {
			isa = PBXShellScriptBuildPhase;
			buildActionMask = 2147483647;
			files = (
			);
			inputPaths = (
			);
			name = "[CP] Embed Pods Frameworks";
			outputPaths = (
			);
			runOnlyForDeploymentPostprocessing = 0;
			shellPath = /bin/sh;
			shellScript = "\"${SRCROOT}/Pods/Target Support Files/Pods-ShareWXQQTests/Pods-ShareWXQQTests-frameworks.sh\"\n";
			showEnvVarsInLog = 0;
		};
		58EF25B88E88CB371A3EE661 /* [CP] Embed Pods Frameworks */ = {
			isa = PBXShellScriptBuildPhase;
			buildActionMask = 2147483647;
			files = (
			);
			inputPaths = (
			);
			name = "[CP] Embed Pods Frameworks";
			outputPaths = (
			);
			runOnlyForDeploymentPostprocessing = 0;
			shellPath = /bin/sh;
			shellScript = "\"${SRCROOT}/Pods/Target Support Files/Pods-ShareSDKDemo/Pods-ShareSDKDemo-frameworks.sh\"\n";
			showEnvVarsInLog = 0;
		};
		62FBFB2F677B0C1FE1569C58 /* [CP] Embed Pods Frameworks */ = {
			isa = PBXShellScriptBuildPhase;
			buildActionMask = 2147483647;
			files = (
			);
			inputPaths = (
			);
			name = "[CP] Embed Pods Frameworks";
			outputPaths = (
			);
			runOnlyForDeploymentPostprocessing = 0;
			shellPath = /bin/sh;
			shellScript = "\"${SRCROOT}/Pods/Target Support Files/Pods-ShareWXQQ/Pods-ShareWXQQ-frameworks.sh\"\n";
			showEnvVarsInLog = 0;
		};
		7CF392F295489DC9EC7E1C1C /* [CP] Copy Pods Resources */ = {
			isa = PBXShellScriptBuildPhase;
			buildActionMask = 2147483647;
			files = (
			);
			inputPaths = (
			);
			name = "[CP] Copy Pods Resources";
			outputPaths = (
			);
			runOnlyForDeploymentPostprocessing = 0;
			shellPath = /bin/sh;
			shellScript = "\"${SRCROOT}/Pods/Target Support Files/Pods-ShareWXQQ/Pods-ShareWXQQ-resources.sh\"\n";
			showEnvVarsInLog = 0;
		};
		8EC61686B5BA267AC76DC58A /* [CP] Check Pods Manifest.lock */ = {
			isa = PBXShellScriptBuildPhase;
			buildActionMask = 2147483647;
			files = (
			);
			inputPaths = (
			);
			name = "[CP] Check Pods Manifest.lock";
			outputPaths = (
			);
			runOnlyForDeploymentPostprocessing = 0;
			shellPath = /bin/sh;
			shellScript = "diff \"${PODS_ROOT}/../Podfile.lock\" \"${PODS_ROOT}/Manifest.lock\" > /dev/null\nif [ $? != 0 ] ; then\n    # print error to STDERR\n    echo \"error: The sandbox is not in sync with the Podfile.lock. Run 'pod install' or update your CocoaPods installation.\" >&2\n    exit 1\nfi\n";
			showEnvVarsInLog = 0;
		};
		D7CB80D34196AF348A0BB8A6 /* [CP] Copy Pods Resources */ = {
			isa = PBXShellScriptBuildPhase;
			buildActionMask = 2147483647;
			files = (
			);
			inputPaths = (
			);
			name = "[CP] Copy Pods Resources";
			outputPaths = (
			);
			runOnlyForDeploymentPostprocessing = 0;
			shellPath = /bin/sh;
			shellScript = "\"${SRCROOT}/Pods/Target Support Files/Pods-ShareWXQQTests/Pods-ShareWXQQTests-resources.sh\"\n";
			showEnvVarsInLog = 0;
		};
		DCF7E54D7EC9E114302E0AF1 /* [CP] Check Pods Manifest.lock */ = {
			isa = PBXShellScriptBuildPhase;
			buildActionMask = 2147483647;
			files = (
			);
			inputPaths = (
			);
			name = "[CP] Check Pods Manifest.lock";
			outputPaths = (
			);
			runOnlyForDeploymentPostprocessing = 0;
			shellPath = /bin/sh;
			shellScript = "diff \"${PODS_ROOT}/../Podfile.lock\" \"${PODS_ROOT}/Manifest.lock\" > /dev/null\nif [ $? != 0 ] ; then\n    # print error to STDERR\n    echo \"error: The sandbox is not in sync with the Podfile.lock. Run 'pod install' or update your CocoaPods installation.\" >&2\n    exit 1\nfi\n";
			showEnvVarsInLog = 0;
		};
/* End PBXShellScriptBuildPhase section */

/* Begin PBXSourcesBuildPhase section */
		1472A6761EA9C038008FB751 /* Sources */ = {
			isa = PBXSourcesBuildPhase;
			buildActionMask = 2147483647;
			files = (
				14E4E30C1EADA244006E2928 /* WXApiManager.m in Sources */,
				1472A6851EA9C038008FB751 /* ViewController.m in Sources */,
				1472A6CA1EA9ED1F008FB751 /* QQApiRequestHandler.m in Sources */,
				1472A6AC1EA9D53D008FB751 /* WXApiRequestHandler.m in Sources */,
				1472A6A51EA9D079008FB751 /* SendMessageToWXReq+requestWithTextOrMediaMessage.m in Sources */,
				1472A6821EA9C038008FB751 /* AppDelegate.m in Sources */,
				14E4E30F1EADA361006E2928 /* UIAlertView+WX.m in Sources */,
				1472A67F1EA9C038008FB751 /* main.m in Sources */,
			);
			runOnlyForDeploymentPostprocessing = 0;
		};
		1472A68F1EA9C038008FB751 /* Sources */ = {
			isa = PBXSourcesBuildPhase;
			buildActionMask = 2147483647;
			files = (
				1472A6981EA9C038008FB751 /* ShareWXQQTests.m in Sources */,
			);
			runOnlyForDeploymentPostprocessing = 0;
		};
		84DD9E5A1EAACE1F0067CD03 /* Sources */ = {
			isa = PBXSourcesBuildPhase;
			buildActionMask = 2147483647;
			files = (
				84DD9E891EAB2DB90067CD03 /* MOBWechatcontactsViewController.m in Sources */,
				84DD9E681EAACE200067CD03 /* ViewController.m in Sources */,
				84DD9E8C1EAB2E380067CD03 /* MOBPlatformViewController.m in Sources */,
				84DD9E651EAACE200067CD03 /* AppDelegate.m in Sources */,
				84DD9E621EAACE200067CD03 /* main.m in Sources */,
				84DD9E881EAB2DB90067CD03 /* MOBQQViewController.m in Sources */,
			);
			runOnlyForDeploymentPostprocessing = 0;
		};
		84DD9E721EAACE200067CD03 /* Sources */ = {
			isa = PBXSourcesBuildPhase;
			buildActionMask = 2147483647;
			files = (
				84DD9E7B1EAACE210067CD03 /* ShareSDKDemoTests.m in Sources */,
			);
			runOnlyForDeploymentPostprocessing = 0;
		};
/* End PBXSourcesBuildPhase section */

/* Begin PBXTargetDependency section */
		1472A6951EA9C038008FB751 /* PBXTargetDependency */ = {
			isa = PBXTargetDependency;
			target = 1472A6791EA9C038008FB751 /* ShareWXQQ */;
			targetProxy = 1472A6941EA9C038008FB751 /* PBXContainerItemProxy */;
		};
		84DD9E781EAACE210067CD03 /* PBXTargetDependency */ = {
			isa = PBXTargetDependency;
			target = 84DD9E5D1EAACE1F0067CD03 /* ShareSDKDemo */;
			targetProxy = 84DD9E771EAACE210067CD03 /* PBXContainerItemProxy */;
		};
/* End PBXTargetDependency section */

/* Begin PBXVariantGroup section */
		1472A6861EA9C038008FB751 /* Main.storyboard */ = {
			isa = PBXVariantGroup;
			children = (
				1472A6871EA9C038008FB751 /* Base */,
			);
			name = Main.storyboard;
			sourceTree = "<group>";
		};
		1472A68B1EA9C038008FB751 /* LaunchScreen.storyboard */ = {
			isa = PBXVariantGroup;
			children = (
				1472A68C1EA9C038008FB751 /* Base */,
			);
			name = LaunchScreen.storyboard;
			sourceTree = "<group>";
		};
		84DD9E691EAACE200067CD03 /* Main.storyboard */ = {
			isa = PBXVariantGroup;
			children = (
				84DD9E6A1EAACE200067CD03 /* Base */,
			);
			name = Main.storyboard;
			sourceTree = "<group>";
		};
		84DD9E6E1EAACE200067CD03 /* LaunchScreen.storyboard */ = {
			isa = PBXVariantGroup;
			children = (
				84DD9E6F1EAACE200067CD03 /* Base */,
			);
			name = LaunchScreen.storyboard;
			sourceTree = "<group>";
		};
/* End PBXVariantGroup section */

/* Begin XCBuildConfiguration section */
		1472A69A1EA9C038008FB751 /* Debug */ = {
			isa = XCBuildConfiguration;
			buildSettings = {
				ALWAYS_SEARCH_USER_PATHS = NO;
				CLANG_ANALYZER_NONNULL = YES;
				CLANG_CXX_LANGUAGE_STANDARD = "gnu++0x";
				CLANG_CXX_LIBRARY = "libc++";
				CLANG_ENABLE_MODULES = YES;
				CLANG_ENABLE_OBJC_ARC = YES;
				CLANG_WARN_BOOL_CONVERSION = YES;
				CLANG_WARN_CONSTANT_CONVERSION = YES;
				CLANG_WARN_DIRECT_OBJC_ISA_USAGE = YES_ERROR;
				CLANG_WARN_DOCUMENTATION_COMMENTS = YES;
				CLANG_WARN_EMPTY_BODY = YES;
				CLANG_WARN_ENUM_CONVERSION = YES;
				CLANG_WARN_INFINITE_RECURSION = YES;
				CLANG_WARN_INT_CONVERSION = YES;
				CLANG_WARN_OBJC_ROOT_CLASS = YES_ERROR;
				CLANG_WARN_SUSPICIOUS_MOVE = YES;
				CLANG_WARN_UNREACHABLE_CODE = YES;
				CLANG_WARN__DUPLICATE_METHOD_MATCH = YES;
				"CODE_SIGN_IDENTITY[sdk=iphoneos*]" = "iPhone Developer";
				COPY_PHASE_STRIP = NO;
				DEBUG_INFORMATION_FORMAT = dwarf;
				ENABLE_STRICT_OBJC_MSGSEND = YES;
				ENABLE_TESTABILITY = YES;
				GCC_C_LANGUAGE_STANDARD = gnu99;
				GCC_DYNAMIC_NO_PIC = NO;
				GCC_NO_COMMON_BLOCKS = YES;
				GCC_OPTIMIZATION_LEVEL = 0;
				GCC_PREPROCESSOR_DEFINITIONS = (
					"DEBUG=1",
					"$(inherited)",
				);
				GCC_WARN_64_TO_32_BIT_CONVERSION = YES;
				GCC_WARN_ABOUT_RETURN_TYPE = YES_ERROR;
				GCC_WARN_UNDECLARED_SELECTOR = YES;
				GCC_WARN_UNINITIALIZED_AUTOS = YES_AGGRESSIVE;
				GCC_WARN_UNUSED_FUNCTION = YES;
				GCC_WARN_UNUSED_VARIABLE = YES;
				IPHONEOS_DEPLOYMENT_TARGET = 10.2;
				MTL_ENABLE_DEBUG_INFO = YES;
				ONLY_ACTIVE_ARCH = YES;
				SDKROOT = iphoneos;
				TARGETED_DEVICE_FAMILY = "1,2";
			};
			name = Debug;
		};
		1472A69B1EA9C038008FB751 /* Release */ = {
			isa = XCBuildConfiguration;
			buildSettings = {
				ALWAYS_SEARCH_USER_PATHS = NO;
				CLANG_ANALYZER_NONNULL = YES;
				CLANG_CXX_LANGUAGE_STANDARD = "gnu++0x";
				CLANG_CXX_LIBRARY = "libc++";
				CLANG_ENABLE_MODULES = YES;
				CLANG_ENABLE_OBJC_ARC = YES;
				CLANG_WARN_BOOL_CONVERSION = YES;
				CLANG_WARN_CONSTANT_CONVERSION = YES;
				CLANG_WARN_DIRECT_OBJC_ISA_USAGE = YES_ERROR;
				CLANG_WARN_DOCUMENTATION_COMMENTS = YES;
				CLANG_WARN_EMPTY_BODY = YES;
				CLANG_WARN_ENUM_CONVERSION = YES;
				CLANG_WARN_INFINITE_RECURSION = YES;
				CLANG_WARN_INT_CONVERSION = YES;
				CLANG_WARN_OBJC_ROOT_CLASS = YES_ERROR;
				CLANG_WARN_SUSPICIOUS_MOVE = YES;
				CLANG_WARN_UNREACHABLE_CODE = YES;
				CLANG_WARN__DUPLICATE_METHOD_MATCH = YES;
				"CODE_SIGN_IDENTITY[sdk=iphoneos*]" = "iPhone Developer";
				COPY_PHASE_STRIP = NO;
				DEBUG_INFORMATION_FORMAT = "dwarf-with-dsym";
				ENABLE_NS_ASSERTIONS = NO;
				ENABLE_STRICT_OBJC_MSGSEND = YES;
				GCC_C_LANGUAGE_STANDARD = gnu99;
				GCC_NO_COMMON_BLOCKS = YES;
				GCC_WARN_64_TO_32_BIT_CONVERSION = YES;
				GCC_WARN_ABOUT_RETURN_TYPE = YES_ERROR;
				GCC_WARN_UNDECLARED_SELECTOR = YES;
				GCC_WARN_UNINITIALIZED_AUTOS = YES_AGGRESSIVE;
				GCC_WARN_UNUSED_FUNCTION = YES;
				GCC_WARN_UNUSED_VARIABLE = YES;
				IPHONEOS_DEPLOYMENT_TARGET = 10.2;
				MTL_ENABLE_DEBUG_INFO = NO;
				SDKROOT = iphoneos;
				TARGETED_DEVICE_FAMILY = "1,2";
				VALIDATE_PRODUCT = YES;
			};
			name = Release;
		};
		1472A69D1EA9C038008FB751 /* Debug */ = {
			isa = XCBuildConfiguration;
			baseConfigurationReference = BE2CA9C4C8B9BEB0DED50DDD /* Pods-ShareWXQQ.debug.xcconfig */;
			buildSettings = {
				ASSETCATALOG_COMPILER_APPICON_NAME = AppIcon;
				DEVELOPMENT_TEAM = 2C4H9T5RF5;
				FRAMEWORK_SEARCH_PATHS = (
					"$(inherited)",
					"$(PROJECT_DIR)/ShareWXQQ/SDK/QQV3.2",
				);
				INFOPLIST_FILE = ShareWXQQ/Info.plist;
				IPHONEOS_DEPLOYMENT_TARGET = 8.2;
				LD_RUNPATH_SEARCH_PATHS = "$(inherited) @executable_path/Frameworks";
				OTHER_LDFLAGS = (
					"$(inherited)",
					"-fobjc-arc",
					"-ObjC",
					"-l\"WeChatSDK\"",
					"-l\"c++\"",
					"-l\"sqlite3.0\"",
					"-l\"z\"",
					"-framework",
					"\"CFNetwork\"",
					"-framework",
					"\"CoreTelephony\"",
					"-framework",
					"\"Security\"",
					"-framework",
					"\"SystemConfiguration\"",
					"-framework",
					"\"UIKit\"",
				);
				PRODUCT_BUNDLE_IDENTIFIER = hsg.pyc.com.cn.ShareWXQQ;
				PRODUCT_NAME = "$(TARGET_NAME)";
			};
			name = Debug;
		};
		1472A69E1EA9C038008FB751 /* Release */ = {
			isa = XCBuildConfiguration;
			baseConfigurationReference = 68E467DC0B4850CA604D86A1 /* Pods-ShareWXQQ.release.xcconfig */;
			buildSettings = {
				ASSETCATALOG_COMPILER_APPICON_NAME = AppIcon;
				DEVELOPMENT_TEAM = 2C4H9T5RF5;
				FRAMEWORK_SEARCH_PATHS = (
					"$(inherited)",
					"$(PROJECT_DIR)/ShareWXQQ/SDK/QQV3.2",
				);
				INFOPLIST_FILE = ShareWXQQ/Info.plist;
				IPHONEOS_DEPLOYMENT_TARGET = 8.2;
				LD_RUNPATH_SEARCH_PATHS = "$(inherited) @executable_path/Frameworks";
				OTHER_LDFLAGS = (
					"$(inherited)",
					"-fobjc-arc",
					"-ObjC",
					"-l\"WeChatSDK\"",
					"-l\"c++\"",
					"-l\"sqlite3.0\"",
					"-l\"z\"",
					"-framework",
					"\"CFNetwork\"",
					"-framework",
					"\"CoreTelephony\"",
					"-framework",
					"\"Security\"",
					"-framework",
					"\"SystemConfiguration\"",
					"-framework",
					"\"UIKit\"",
				);
				PRODUCT_BUNDLE_IDENTIFIER = hsg.pyc.com.cn.ShareWXQQ;
				PRODUCT_NAME = "$(TARGET_NAME)";
			};
			name = Release;
		};
		1472A6A01EA9C038008FB751 /* Debug */ = {
			isa = XCBuildConfiguration;
			baseConfigurationReference = ED4EDCA4930CB460E8977555 /* Pods-ShareWXQQTests.debug.xcconfig */;
			buildSettings = {
				BUNDLE_LOADER = "$(TEST_HOST)";
				DEVELOPMENT_TEAM = FA78T6VRG8;
				INFOPLIST_FILE = ShareWXQQTests/Info.plist;
				LD_RUNPATH_SEARCH_PATHS = "$(inherited) @executable_path/Frameworks @loader_path/Frameworks";
				PRODUCT_BUNDLE_IDENTIFIER = pyc.com.cn.ShareWXQQTests;
				PRODUCT_NAME = "$(TARGET_NAME)";
				TEST_HOST = "$(BUILT_PRODUCTS_DIR)/ShareWXQQ.app/ShareWXQQ";
			};
			name = Debug;
		};
		1472A6A11EA9C038008FB751 /* Release */ = {
			isa = XCBuildConfiguration;
			baseConfigurationReference = A2340485C0BEDD75217925CC /* Pods-ShareWXQQTests.release.xcconfig */;
			buildSettings = {
				BUNDLE_LOADER = "$(TEST_HOST)";
				DEVELOPMENT_TEAM = FA78T6VRG8;
				INFOPLIST_FILE = ShareWXQQTests/Info.plist;
				LD_RUNPATH_SEARCH_PATHS = "$(inherited) @executable_path/Frameworks @loader_path/Frameworks";
				PRODUCT_BUNDLE_IDENTIFIER = pyc.com.cn.ShareWXQQTests;
				PRODUCT_NAME = "$(TARGET_NAME)";
				TEST_HOST = "$(BUILT_PRODUCTS_DIR)/ShareWXQQ.app/ShareWXQQ";
			};
			name = Release;
		};
		84DD9E7E1EAACE210067CD03 /* Debug */ = {
			isa = XCBuildConfiguration;
			baseConfigurationReference = DE84004D0D2D8F26BDC2D95C /* Pods-ShareSDKDemo.debug.xcconfig */;
			buildSettings = {
				ASSETCATALOG_COMPILER_APPICON_NAME = AppIcon;
				CLANG_ANALYZER_NUMBER_OBJECT_CONVERSION = YES_AGGRESSIVE;
				DEVELOPMENT_TEAM = 2C4H9T5RF5;
				INFOPLIST_FILE = ShareSDKDemo/Info.plist;
				IPHONEOS_DEPLOYMENT_TARGET = 8.0;
				LD_RUNPATH_SEARCH_PATHS = "$(inherited) @executable_path/Frameworks";
				PRODUCT_BUNDLE_IDENTIFIER = com.Layer.Animations.ShareSDKDemo;
				PRODUCT_NAME = "$(TARGET_NAME)";
			};
			name = Debug;
		};
		84DD9E7F1EAACE210067CD03 /* Release */ = {
			isa = XCBuildConfiguration;
			baseConfigurationReference = A2A8E3404AFC6CC151020207 /* Pods-ShareSDKDemo.release.xcconfig */;
			buildSettings = {
				ASSETCATALOG_COMPILER_APPICON_NAME = AppIcon;
				CLANG_ANALYZER_NUMBER_OBJECT_CONVERSION = YES_AGGRESSIVE;
				DEVELOPMENT_TEAM = 2C4H9T5RF5;
				INFOPLIST_FILE = ShareSDKDemo/Info.plist;
				IPHONEOS_DEPLOYMENT_TARGET = 8.0;
				LD_RUNPATH_SEARCH_PATHS = "$(inherited) @executable_path/Frameworks";
				PRODUCT_BUNDLE_IDENTIFIER = com.Layer.Animations.ShareSDKDemo;
				PRODUCT_NAME = "$(TARGET_NAME)";
			};
			name = Release;
		};
		84DD9E811EAACE210067CD03 /* Debug */ = {
			isa = XCBuildConfiguration;
			buildSettings = {
				BUNDLE_LOADER = "$(TEST_HOST)";
				CLANG_ANALYZER_NUMBER_OBJECT_CONVERSION = YES_AGGRESSIVE;
				INFOPLIST_FILE = ShareSDKDemoTests/Info.plist;
				IPHONEOS_DEPLOYMENT_TARGET = 10.3;
				LD_RUNPATH_SEARCH_PATHS = "$(inherited) @executable_path/Frameworks @loader_path/Frameworks";
				PRODUCT_BUNDLE_IDENTIFIER = com.Layer.Animations.ShareSDKDemoTests;
				PRODUCT_NAME = "$(TARGET_NAME)";
				TEST_HOST = "$(BUILT_PRODUCTS_DIR)/ShareSDKDemo.app/ShareSDKDemo";
			};
			name = Debug;
		};
		84DD9E821EAACE210067CD03 /* Release */ = {
			isa = XCBuildConfiguration;
			buildSettings = {
				BUNDLE_LOADER = "$(TEST_HOST)";
				CLANG_ANALYZER_NUMBER_OBJECT_CONVERSION = YES_AGGRESSIVE;
				INFOPLIST_FILE = ShareSDKDemoTests/Info.plist;
				IPHONEOS_DEPLOYMENT_TARGET = 10.3;
				LD_RUNPATH_SEARCH_PATHS = "$(inherited) @executable_path/Frameworks @loader_path/Frameworks";
				PRODUCT_BUNDLE_IDENTIFIER = com.Layer.Animations.ShareSDKDemoTests;
				PRODUCT_NAME = "$(TARGET_NAME)";
				TEST_HOST = "$(BUILT_PRODUCTS_DIR)/ShareSDKDemo.app/ShareSDKDemo";
			};
			name = Release;
		};
/* End XCBuildConfiguration section */

/* Begin XCConfigurationList section */
		1472A6751EA9C038008FB751 /* Build configuration list for PBXProject "ShareWXQQ" */ = {
			isa = XCConfigurationList;
			buildConfigurations = (
				1472A69A1EA9C038008FB751 /* Debug */,
				1472A69B1EA9C038008FB751 /* Release */,
			);
			defaultConfigurationIsVisible = 0;
			defaultConfigurationName = Release;
		};
		1472A69C1EA9C038008FB751 /* Build configuration list for PBXNativeTarget "ShareWXQQ" */ = {
			isa = XCConfigurationList;
			buildConfigurations = (
				1472A69D1EA9C038008FB751 /* Debug */,
				1472A69E1EA9C038008FB751 /* Release */,
			);
			defaultConfigurationIsVisible = 0;
			defaultConfigurationName = Release;
		};
		1472A69F1EA9C038008FB751 /* Build configuration list for PBXNativeTarget "ShareWXQQTests" */ = {
			isa = XCConfigurationList;
			buildConfigurations = (
				1472A6A01EA9C038008FB751 /* Debug */,
				1472A6A11EA9C038008FB751 /* Release */,
			);
			defaultConfigurationIsVisible = 0;
			defaultConfigurationName = Release;
		};
		84DD9E7D1EAACE210067CD03 /* Build configuration list for PBXNativeTarget "ShareSDKDemo" */ = {
			isa = XCConfigurationList;
			buildConfigurations = (
				84DD9E7E1EAACE210067CD03 /* Debug */,
				84DD9E7F1EAACE210067CD03 /* Release */,
			);
			defaultConfigurationIsVisible = 0;
			defaultConfigurationName = Release;
		};
		84DD9E801EAACE210067CD03 /* Build configuration list for PBXNativeTarget "ShareSDKDemoTests" */ = {
			isa = XCConfigurationList;
			buildConfigurations = (
				84DD9E811EAACE210067CD03 /* Debug */,
				84DD9E821EAACE210067CD03 /* Release */,
			);
			defaultConfigurationIsVisible = 0;
			defaultConfigurationName = Release;
		};
/* End XCConfigurationList section */
	};
	rootObject = 1472A6721EA9C038008FB751 /* Project object */;
}
